
Microsoft Visual Studio Solution File, Format Version 12.00
# Visual Studio Version 16
VisualStudioVersion = 16.0.31313.79
MinimumVisualStudioVersion = 10.0.40219.1
Project("{FAE04EC0-301F-11D3-BF4B-00C04F79EFBC}") = "CIM_Standard", "CIM_Standard\CIM_Standard.csproj", "{7CF35A93-CD9E-4A34-8B79-6835E4523BF7}"
EndProject
Project("{FAE04EC0-301F-11D3-BF4B-00C04F79EFBC}") = "CIM_SDK_Tests", "CIM_SDK_Tests\CIM_SDK_Tests.csproj", "{372F9F86-C3E8-49B7-A434-09E95BF42F84}"
EndProject
Global
	GlobalSection(SolutionConfigurationPlatforms) = preSolution
		Debug|Any CPU = Debug|Any CPU
		Release|Any CPU = Release|Any CPU
	EndGlobalSection
	GlobalSection(ProjectConfigurationPlatforms) = postSolution
		{7CF35A93-CD9E-4A34-8B79-6835E4523BF7}.Debug|Any CPU.ActiveCfg = Debug|Any CPU
		{7CF35A93-CD9E-4A34-8B79-6835E4523BF7}.Debug|Any CPU.Build.0 = Debug|Any CPU
		{7CF35A93-CD9E-4A34-8B79-6835E4523BF7}.Release|Any CPU.ActiveCfg = Release|Any CPU
		{7CF35A93-CD9E-4A34-8B79-6835E4523BF7}.Release|Any CPU.Build.0 = Release|Any CPU
		{372F9F86-C3E8-49B7-A434-09E95BF42F84}.Debug|Any CPU.ActiveCfg = Debug|Any CPU
		{372F9F86-C3E8-49B7-A434-09E95BF42F84}.Debug|Any CPU.Build.0 = Debug|Any CPU
		{372F9F86-C3E8-49B7-A434-09E95BF42F84}.Release|Any CPU.ActiveCfg = Release|Any CPU
		{372F9F86-C3E8-49B7-A434-09E95BF42F84}.Release|Any CPU.Build.0 = Release|Any CPU
	EndGlobalSection
	GlobalSection(SolutionProperties) = preSolution
		HideSolutionNode = FALSE
	EndGlobalSection
	GlobalSection(ExtensibilityGlobals) = postSolution
		SolutionGuid = {48F81742-18F6-4EE4-9390-12A19B39B0D7}
	EndGlobalSection
EndGlobal
